{
  "requires": true,
  "lockfileVersion": 1,
  "dependencies": {
    "@ngx-progressbar/core": {
      "version": "3.0.2",
      "resolved": "https://registry.npmjs.org/@ngx-progressbar/core/-/core-3.0.2.tgz",
      "integrity": "sha512-c/Lpf5uYrxqNU6ZIqcNu1sDGNfVbwmxN1G95Tb1GjKV0JW9+QDS+4ELPK8GEYt/xfTTW8yy4YkNQ8fp3qWGn4A=="
    },
    "@ngx-progressbar/http-client": {
      "version": "3.0.2",
      "resolved": "https://registry.npmjs.org/@ngx-progressbar/http-client/-/http-client-3.0.2.tgz",
      "integrity": "sha512-Kp/+YIBJ4gOGgH79PcsGeZUWsI4iLYbX7jt+Sn3S6mTnmm4L5vP5pZlDcQzg2HslWyVs6W5UOumpk5cDePkK3g==",
      "requires": {
        "@ngx-progressbar/core": "3.0.2"
      }
    },
    "rxjs-compat": {
      "version": "6.6.7",
      "resolved": "https://registry.npmjs.org/rxjs-compat/-/rxjs-compat-6.6.7.tgz",
      "integrity": "sha512-szN4fK+TqBPOFBcBcsR0g2cmTTUF/vaFEOZNuSdfU8/pGFnNmmn2u8SystYXG1QMrjOPBc6XTKHMVfENDf6hHw=="
    }
  }
}
